Microsoft Visual Studio Solution File, Format Version 12.00
# Visual Studio Version 17
VisualStudioVersion = 17.5.2.0
MinimumVisualStudioVersion = 10.0.40219.1
Project("{FAE04EC0-301F-11D3-BF4B-00C04F79EFBC}") = "ecom-web-api", "ecom-web-api.csproj", "{79B487AF-1F5C-3D72-E0B0-5DF680B64E6A}"
EndProject
Global
	GlobalSection(SolutionConfigurationPlatforms) = preSolution
		Debug|Any CPU = Debug|Any CPU
		Release|Any CPU = Release|Any CPU
	EndGlobalSection
	GlobalSection(ProjectConfigurationPlatforms) = postSolution
		{79B487AF-1F5C-3D72-E0B0-5DF680B64E6A}.Debug|Any CPU.ActiveCfg = Debug|Any CPU
		{79B487AF-1F5C-3D72-E0B0-5DF680B64E6A}.Debug|Any CPU.Build.0 = Debug|Any CPU
		{79B487AF-1F5C-3D72-E0B0-5DF680B64E6A}.Release|Any CPU.ActiveCfg = Release|Any CPU
		{79B487AF-1F5C-3D72-E0B0-5DF680B64E6A}.Release|Any CPU.Build.0 = Release|Any CPU
	EndGlobalSection
	GlobalSection(SolutionProperties) = preSolution
		HideSolutionNode = FALSE
	EndGlobalSection
	GlobalSection(ExtensibilityGlobals) = postSolution
		SolutionGuid = {0F415DAB-7ACC-4743-B59E-94BC4D471E10}
	EndGlobalSection
EndGlobal
